// !$*UTF8*$!
{
	archiveVersion = 1;
	classes = {
	};
	objectVersion = 46;
	objects = {

/* Begin PBXBuildFile section */
		04CBDC6E1CB5E98300690F9D /* main.m in Sources */ = {isa = PBXBuildFile; fileRef = 04CBDC6D1CB5E98300690F9D /* main.m */; };
		04CBDC711CB5E98300690F9D /* AppDelegate.m in Sources */ = {isa = PBXBuildFile; fileRef = 04CBDC701CB5E98300690F9D /* AppDelegate.m */; };
		04CBDC741CB5E98300690F9D /* ViewController.m in Sources */ = {isa = PBXBuildFile; fileRef = 04CBDC731CB5E98300690F9D /* ViewController.m */; };
		04CBDC771CB5E98300690F9D /* Main.storyboard in Resources */ = {isa = PBXBuildFile; fileRef = 04CBDC751CB5E98300690F9D /* Main.storyboard */; };
		04CBDC791CB5E98300690F9D /* Assets.xcassets in Resources */ = {isa = PBXBuildFile; fileRef = 04CBDC781CB5E98300690F9D /* Assets.xcassets */; };
		04CBDC7C1CB5E98300690F9D /* LaunchScreen.storyboard in Resources */ = {isa = PBXBuildFile; fileRef = 04CBDC7A1CB5E98300690F9D /* LaunchScreen.storyboard */; };
		04CBDC861CB5E9DD00690F9D /* FullTimePickerView.m in Sources */ = {isa = PBXBuildFile; fileRef = 04CBDC851CB5E9DD00690F9D /* FullTimePickerView.m */; };
/* End PBXBuildFile section */

/* Begin PBXFileReference section */
		04CBDC691CB5E98300690F9D /* FullTimePickerView.app */ = {isa = PBXFileReference; explicitFileType = wrapper.application; includeInIndex = 0; path = FullTimePickerView.app; sourceTree = BUILT_PRODUCTS_DIR; };
		04CBDC6D1CB5E98300690F9D /* main.m */ = {isa = PBXFileReference; lastKnownFileType = sourcecode.c.objc; path = main.m; sourceTree = "<group>"; };
		04CBDC6F1CB5E98300690F9D /* AppDelegate.h */ = {isa = PBXFileReference; lastKnownFileType = sourcecode.c.h; path = AppDelegate.h; sourceTree = "<group>"; };
		04CBDC701CB5E98300690F9D /* AppDelegate.m */ = {isa = PBXFileReference; lastKnownFileType = sourcecode.c.objc; path = AppDelegate.m; sourceTree = "<group>"; };
		04CBDC721CB5E98300690F9D /* ViewController.h */ = {isa = PBXFileReference; lastKnownFileType = sourcecode.c.h; path = ViewController.h; sourceTree = "<group>"; };
		04CBDC731CB5E98300690F9D /* ViewController.m */ = {isa = PBXFileReference; lastKnownFileType = sourcecode.c.objc; path = ViewController.m; sourceTree = "<group>"; };
		04CBDC761CB5E98300690F9D /* Base */ = {isa = PBXFileReference; lastKnownFileType = file.storyboard; name = Base; path = Base.lproj/Main.storyboard; sourceTree = "<group>"; };
		04CBDC781CB5E98300690F9D /* Assets.xcassets */ = {isa = PBXFileReference; lastKnownFileType = folder.assetcatalog; path = Assets.xcassets; sourceTree = "<group>"; };
		04CBDC7B1CB5E98300690F9D /* Base */ = {isa = PBXFileReference; lastKnownFileType = file.storyboard; name = Base; path = Base.lproj/LaunchScreen.storyboard; sourceTree = "<group>"; };
		04CBDC7D1CB5E98300690F9D /* Info.plist */ = {isa = PBXFileReference; lastKnownFileType = text.plist.xml; path = Info.plist; sourceTree = "<group>"; };
		04CBDC841CB5E9DD00690F9D /* FullTimePickerView.h */ = {isa = PBXFileReference; fileEncoding = 4; lastKnownFileType = sourcecode.c.h; path = FullTimePickerView.h; sourceTree = "<group>"; };
		04CBDC851CB5E9DD00690F9D /* FullTimePickerView.m */ = {isa = PBXFileReference; fileEncoding = 4; lastKnownFileType = sourcecode.c.objc; path = FullTimePickerView.m; sourceTree = "<group>"; };
/* End PBXFileReference section */

/* Begin PBXFrameworksBuildPhase section */
		04CBDC661CB5E98300690F9D /* Frameworks */ = {
			isa = PBXFrameworksBuildPhase;
			buildActionMask = 2147483647;
			files = (
			);
			runOnlyForDeploymentPostprocessing = 0;
		};
/* End PBXFrameworksBuildPhase section */

/* Begin PBXGroup section */
		04CBDC601CB5E98300690F9D = {
			isa = PBXGroup;
			children = (
				04CBDC6B1CB5E98300690F9D /* FullTimePickerView */,
				04CBDC6A1CB5E98300690F9D /* Products */,
			);
			sourceTree = "<group>";
		};
		04CBDC6A1CB5E98300690F9D /* Products */ = {
			isa = PBXGroup;
			children = (
				04CBDC691CB5E98300690F9D /* FullTimePickerView.app */,
			);
			name = Products;
			sourceTree = "<group>";
		};
		04CBDC6B1CB5E98300690F9D /* FullTimePickerView */ = {
			isa = PBXGroup;
			children = (
				04CBDC831CB5E99500690F9D /* FullTimePickerView */,
				04CBDC6F1CB5E98300690F9D /* AppDelegate.h */,
				04CBDC701CB5E98300690F9D /* AppDelegate.m */,
				04CBDC721CB5E98300690F9D /* ViewController.h */,
				04CBDC731CB5E98300690F9D /* ViewController.m */,
				04CBDC751CB5E98300690F9D /* Main.storyboard */,
				04CBDC781CB5E98300690F9D /* Assets.xcassets */,
				04CBDC7A1CB5E98300690F9D /* LaunchScreen.storyboard */,
				04CBDC7D1CB5E98300690F9D /* Info.plist */,
				04CBDC6C1CB5E98300690F9D /* Supporting Files */,
			);
			path = FullTimePickerView;
			sourceTree = "<group>";
		};
		04CBDC6C1CB5E98300690F9D /* Supporting Files */ = {
			isa = PBXGroup;
			children = (
				04CBDC6D1CB5E98300690F9D /* main.m */,
			);
			name = "Supporting Files";
			sourceTree = "<group>";
		};
		04CBDC831CB5E99500690F9D /* FullTimePickerView */ = {
			isa = PBXGroup;
			children = (
				04CBDC841CB5E9DD00690F9D /* FullTimePickerView.h */,
				04CBDC851CB5E9DD00690F9D /* FullTimePickerView.m */,
			);
			name = FullTimePickerView;
			sourceTree = "<group>";
		};
/* End PBXGroup section */

/* Begin PBXNativeTarget section */
		04CBDC681CB5E98300690F9D /* FullTimePickerView */ = {
			isa = PBXNativeTarget;
			buildConfigurationList = 04CBDC801CB5E98300690F9D /* Build configuration list for PBXNativeTarget "FullTimePickerView" */;
			buildPhases = (
				04CBDC651CB5E98300690F9D /* Sources */,
				04CBDC661CB5E98300690F9D /* Frameworks */,
				04CBDC671CB5E98300690F9D /* Resources */,
			);
			buildRules = (
			);
			dependencies = (
			);
			name = FullTimePickerView;
			productName = FullTimePickerView;
			productReference = 04CBDC691CB5E98300690F9D /* FullTimePickerView.app */;
			productType = "com.apple.product-type.application";
		};
/* End PBXNativeTarget section */

/* Begin PBXProject section */
		04CBDC611CB5E98300690F9D /* Project object */ = {
			isa = PBXProject;
			attributes = {
				LastUpgradeCheck = 0720;
				ORGANIZATIONNAME = mac;
				TargetAttributes = {
					04CBDC681CB5E98300690F9D = {
						CreatedOnToolsVersion = 7.2.1;
					};
				};
			};
			buildConfigurationList = 04CBDC641CB5E98300690F9D /* Build configuration list for PBXProject "FullTimePickerView" */;
			compatibilityVersion = "Xcode 3.2";
			developmentRegion = English;
			hasScannedForEncodings = 0;
			knownRegions = (
				en,
				Base,
			);
			mainGroup = 04CBDC601CB5E98300690F9D;
			productRefGroup = 04CBDC6A1CB5E98300690F9D /* Products */;
			projectDirPath = "";
			projectRoot = "";
			targets = (
				04CBDC681CB5E98300690F9D /* FullTimePickerView */,
			);
		};
/* End PBXProject section */

/* Begin PBXResourcesBuildPhase section */
		04CBDC671CB5E98300690F9D /* Resources */ = {
			isa = PBXResourcesBuildPhase;
			buildActionMask = 2147483647;
			files = (
				04CBDC7C1CB5E98300690F9D /* LaunchScreen.storyboard in Resources */,
				04CBDC791CB5E98300690F9D /* Assets.xcassets in Resources */,
				04CBDC771CB5E98300690F9D /* Main.storyboard in Resources */,
			);
			runOnlyForDeploymentPostprocessing = 0;
		};
/* End PBXResourcesBuildPhase section */

/* Begin PBXSourcesBuildPhase section */
		04CBDC651CB5E98300690F9D /* Sources */ = {
			isa = PBXSourcesBuildPhase;
			buildActionMask = 2147483647;
			files = (
				04CBDC741CB5E98300690F9D /* ViewController.m in Sources */,
				04CBDC711CB5E98300690F9D /* AppDelegate.m in Sources */,
				04CBDC861CB5E9DD00690F9D /* FullTimePickerView.m in Sources */,
				04CBDC6E1CB5E98300690F9D /* main.m in Sources */,
			);
			runOnlyForDeploymentPostprocessing = 0;
		};
/* End PBXSourcesBuildPhase section */

/* Begin PBXVariantGroup section */
		04CBDC751CB5E98300690F9D /* Main.storyboard */ = {
			isa = PBXVariantGroup;
			children = (
				04CBDC761CB5E98300690F9D /* Base */,
			);
			name = Main.storyboard;
			sourceTree = "<group>";
		};
		04CBDC7A1CB5E98300690F9D /* LaunchScreen.storyboard */ = {
			isa = PBXVariantGroup;
			children = (
				04CBDC7B1CB5E98300690F9D /* Base */,
			);
			name = LaunchScreen.storyboard;
			sourceTree = "<group>";
		};
/* End PBXVariantGroup section */

/* Begin XCBuildConfiguration section */
		04CBDC7E1CB5E98300690F9D /* Debug */ = {
			isa = XCBuildConfiguration;
			buildSettings = {
				ALWAYS_SEARCH_USER_PATHS = NO;
				CLANG_CXX_LANGUAGE_STANDARD = "gnu++0x";
				CLANG_CXX_LIBRARY = "libc++";
				CLANG_ENABLE_MODULES = YES;
				CLANG_ENABLE_OBJC_ARC = YES;
				CLANG_WARN_BOOL_CONVERSION = YES;
				CLANG_WARN_CONSTANT_CONVERSION = YES;
				CLANG_WARN_DIRECT_OBJC_ISA_USAGE = YES_ERROR;
				CLANG_WARN_EMPTY_BODY = YES;
				CLANG_WARN_ENUM_CONVERSION = YES;
				CLANG_WARN_INT_CONVERSION = YES;
				CLANG_WARN_OBJC_ROOT_CLASS = YES_ERROR;
				CLANG_WARN_UNREACHABLE_CODE = YES;
				CLANG_WARN__DUPLICATE_METHOD_MATCH = YES;
				"CODE_SIGN_IDENTITY[sdk=iphoneos*]" = "iPhone Developer";
				COPY_PHASE_STRIP = NO;
				DEBUG_INFORMATION_FORMAT = dwarf;
				ENABLE_STRICT_OBJC_MSGSEND = YES;
				ENABLE_TESTABILITY = YES;
				GCC_C_LANGUAGE_STANDARD = gnu99;
				GCC_DYNAMIC_NO_PIC = NO;
				GCC_NO_COMMON_BLOCKS = YES;
				GCC_OPTIMIZATION_LEVEL = 0;
				GCC_PREPROCESSOR_DEFINITIONS = (
					"DEBUG=1",
					"$(inherited)",
				);
				GCC_WARN_64_TO_32_BIT_CONVERSION = YES;
				GCC_WARN_ABOUT_RETURN_TYPE = YES_ERROR;
				GCC_WARN_UNDECLARED_SELECTOR = YES;
				GCC_WARN_UNINITIALIZED_AUTOS = YES_AGGRESSIVE;
				GCC_WARN_UNUSED_FUNCTION = YES;
				GCC_WARN_UNUSED_VARIABLE = YES;
				IPHONEOS_DEPLOYMENT_TARGET = 9.2;
				MTL_ENABLE_DEBUG_INFO = YES;
				ONLY_ACTIVE_ARCH = YES;
				SDKROOT = iphoneos;
			};
			name = Debug;
		};
		04CBDC7F1CB5E98300690F9D /* Release */ = {
			isa = XCBuildConfiguration;
			buildSettings = {
				ALWAYS_SEARCH_USER_PATHS = NO;
				CLANG_CXX_LANGUAGE_STANDARD = "gnu++0x";
				CLANG_CXX_LIBRARY = "libc++";
				CLANG_ENABLE_MODULES = YES;
				CLANG_ENABLE_OBJC_ARC = YES;
				CLANG_WARN_BOOL_CONVERSION = YES;
				CLANG_WARN_CONSTANT_CONVERSION = YES;
				CLANG_WARN_DIRECT_OBJC_ISA_USAGE = YES_ERROR;
				CLANG_WARN_EMPTY_BODY = YES;
				CLANG_WARN_ENUM_CONVERSION = YES;
				CLANG_WARN_INT_CONVERSION = YES;
				CLANG_WARN_OBJC_ROOT_CLASS = YES_ERROR;
				CLANG_WARN_UNREACHABLE_CODE = YES;
				CLANG_WARN__DUPLICATE_METHOD_MATCH = YES;
				"CODE_SIGN_IDENTITY[sdk=iphoneos*]" = "iPhone Developer";
				COPY_PHASE_STRIP = NO;
				DEBUG_INFORMATION_FORMAT = "dwarf-with-dsym";
				ENABLE_NS_ASSERTIONS = NO;
				ENABLE_STRICT_OBJC_MSGSEND = YES;
				GCC_C_LANGUAGE_STANDARD = gnu99;
				GCC_NO_COMMON_BLOCKS = YES;
				GCC_WARN_64_TO_32_BIT_CONVERSION = YES;
				GCC_WARN_ABOUT_RETURN_TYPE = YES_ERROR;
				GCC_WARN_UNDECLARED_SELECTOR = YES;
				GCC_WARN_UNINITIALIZED_AUTOS = YES_AGGRESSIVE;
				GCC_WARN_UNUSED_FUNCTION = YES;
				GCC_WARN_UNUSED_VARIABLE = YES;
				IPHONEOS_DEPLOYMENT_TARGET = 9.2;
				MTL_ENABLE_DEBUG_INFO = NO;
				SDKROOT = iphoneos;
				VALIDATE_PRODUCT = YES;
			};
			name = Release;
		};
		04CBDC811CB5E98300690F9D /* Debug */ = {
			isa = XCBuildConfiguration;
			buildSettings = {
				ASSETCATALOG_COMPILER_APPICON_NAME = AppIcon;
				INFOPLIST_FILE = FullTimePickerView/Info.plist;
				IPHONEOS_DEPLOYMENT_TARGET = 7.0;
				LD_RUNPATH_SEARCH_PATHS = "$(inherited) @executable_path/Frameworks";
				PRODUCT_BUNDLE_IDENTIFIER = LH.FullTimePickerView;
				PRODUCT_NAME = "$(TARGET_NAME)";
			};
			name = Debug;
		};
		04CBDC821CB5E98300690F9D /* Release */ = {
			isa = XCBuildConfiguration;
			buildSettings = {
				ASSETCATALOG_COMPILER_APPICON_NAME = AppIcon;
				INFOPLIST_FILE = FullTimePickerView/Info.plist;
				IPHONEOS_DEPLOYMENT_TARGET = 7.0;
				LD_RUNPATH_SEARCH_PATHS = "$(inherited) @executable_path/Frameworks";
				PRODUCT_BUNDLE_IDENTIFIER = LH.FullTimePickerView;
				PRODUCT_NAME = "$(TARGET_NAME)";
			};
			name = Release;
		};
/* End XCBuildConfiguration section */

/* Begin XCConfigurationList section */
		04CBDC641CB5E98300690F9D /* Build configuration list for PBXProject "FullTimePickerView" */ = {
			isa = XCConfigurationList;
			buildConfigurations = (
				04CBDC7E1CB5E98300690F9D /* Debug */,
				04CBDC7F1CB5E98300690F9D /* Release */,
			);
			defaultConfigurationIsVisible = 0;
			defaultConfigurationName = Release;
		};
		04CBDC801CB5E98300690F9D /* Build configuration list for PBXNativeTarget "FullTimePickerView" */ = {
			isa = XCConfigurationList;
			buildConfigurations = (
				04CBDC811CB5E98300690F9D /* Debug */,
				04CBDC821CB5E98300690F9D /* Release */,
			);
			defaultConfigurationIsVisible = 0;
		};
/* End XCConfigurationList section */
	};
	rootObject = 04CBDC611CB5E98300690F9D /* Project object */;
}
